
Microsoft Visual Studio Solution File, Format Version 12.00
# Visual Studio Version 17
VisualStudioVersion = 17.1.32210.238
MinimumVisualStudioVersion = 10.0.40219.1
Project("{FAE04EC0-301F-11D3-BF4B-00C04F79EFBC}") = "H.W.5.2", "H.W.5.2\H.W.5.2.csproj", "{79FA63F9-2D6A-4EC7-BAF3-337336B386E4}"
EndProject
Global
	GlobalSection(SolutionConfigurationPlatforms) = preSolution
		Debug|Any CPU = Debug|Any CPU
		Release|Any CPU = Release|Any CPU
	EndGlobalSection
	GlobalSection(ProjectConfigurationPlatforms) = postSolution
		{79FA63F9-2D6A-4EC7-BAF3-337336B386E4}.Debug|Any CPU.ActiveCfg = Debug|Any CPU
		{79FA63F9-2D6A-4EC7-BAF3-337336B386E4}.Debug|Any CPU.Build.0 = Debug|Any CPU
		{79FA63F9-2D6A-4EC7-BAF3-337336B386E4}.Release|Any CPU.ActiveCfg = Release|Any CPU
		{79FA63F9-2D6A-4EC7-BAF3-337336B386E4}.Release|Any CPU.Build.0 = Release|Any CPU
	EndGlobalSection
	GlobalSection(SolutionProperties) = preSolution
		HideSolutionNode = FALSE
	EndGlobalSection
	GlobalSection(ExtensibilityGlobals) = postSolution
		SolutionGuid = {35E91B98-266D-4384-B072-95C17380DB15}
	EndGlobalSection
EndGlobal
